// !$*UTF8*$!
{
	archiveVersion = 1;
	classes = {
	};
	objectVersion = 46;
	objects = {

/* Begin PBXBuildFile section */
		6858F4D91E66A6C200586E8F /* UserHistoryViewController.swift in Sources */ = {isa = PBXBuildFile; fileRef = 6858F4D81E66A6C200586E8F /* UserHistoryViewController.swift */; };
		6858F4DB1E66A6E600586E8F /* SharingViewController.swift in Sources */ = {isa = PBXBuildFile; fileRef = 6858F4DA1E66A6E600586E8F /* SharingViewController.swift */; };
		6858F4DD1E66A76600586E8F /* EntryViewController.swift in Sources */ = {isa = PBXBuildFile; fileRef = 6858F4DC1E66A76600586E8F /* EntryViewController.swift */; };
		6858F4E41E66A9AB00586E8F /* DoctorSharingTableViewCell.swift in Sources */ = {isa = PBXBuildFile; fileRef = 6858F4E21E66A9AB00586E8F /* DoctorSharingTableViewCell.swift */; };
		6858F4E51E66A9AB00586E8F /* DoctorSharingTableViewCell.xib in Resources */ = {isa = PBXBuildFile; fileRef = 6858F4E31E66A9AB00586E8F /* DoctorSharingTableViewCell.xib */; };
		6858F4EF1E66DB1500586E8F /* MedicineTableViewCell.swift in Sources */ = {isa = PBXBuildFile; fileRef = 6858F4ED1E66DB1500586E8F /* MedicineTableViewCell.swift */; };
		6858F4F01E66DB1500586E8F /* MedicineTableViewCell.xib in Resources */ = {isa = PBXBuildFile; fileRef = 6858F4EE1E66DB1500586E8F /* MedicineTableViewCell.xib */; };
		6858F4F21E66E58D00586E8F /* VisitRecord.swift in Sources */ = {isa = PBXBuildFile; fileRef = 6858F4F11E66E58D00586E8F /* VisitRecord.swift */; };
		6858F4F41E67FC5F00586E8F /* Medicine.swift in Sources */ = {isa = PBXBuildFile; fileRef = 6858F4F31E67FC5F00586E8F /* Medicine.swift */; };
		6858F4F91E686FB500586E8F /* HistoryCollectionViewCell.swift in Sources */ = {isa = PBXBuildFile; fileRef = 6858F4F71E686FB500586E8F /* HistoryCollectionViewCell.swift */; };
		6858F4FA1E686FB500586E8F /* HistoryCollectionViewCell.xib in Resources */ = {isa = PBXBuildFile; fileRef = 6858F4F81E686FB500586E8F /* HistoryCollectionViewCell.xib */; };
		6858F4FF1E69486C00586E8F /* HistoryCollectionViewLayout.swift in Sources */ = {isa = PBXBuildFile; fileRef = 6858F4FE1E69486C00586E8F /* HistoryCollectionViewLayout.swift */; };
		6858F5031E6979A600586E8F /* CreateAccountViewController.swift in Sources */ = {isa = PBXBuildFile; fileRef = 6858F5021E6979A600586E8F /* CreateAccountViewController.swift */; };
		687BA8621E700B8200B6FA8C /* UserTabViewController.swift in Sources */ = {isa = PBXBuildFile; fileRef = 687BA8611E700B8200B6FA8C /* UserTabViewController.swift */; };
		687BA8641E70120C00B6FA8C /* DoctorTabViewController.swift in Sources */ = {isa = PBXBuildFile; fileRef = 687BA8631E70120C00B6FA8C /* DoctorTabViewController.swift */; };
		68AE40491E72693000543FAF /* medRgif.gif in Resources */ = {isa = PBXBuildFile; fileRef = 68AE40481E72693000543FAF /* medRgif.gif */; };
		68AE404B1E7269B900543FAF /* QRStoryboard.storyboard in Resources */ = {isa = PBXBuildFile; fileRef = 68AE404A1E7269B900543FAF /* QRStoryboard.storyboard */; };
		68AE404E1E7269F900543FAF /* QueueListViewController.swift in Sources */ = {isa = PBXBuildFile; fileRef = 68AE404D1E7269F900543FAF /* QueueListViewController.swift */; };
		68AE40501E7275E500543FAF /* AVFoundation.framework in Frameworks */ = {isa = PBXBuildFile; fileRef = 68AE404F1E7275E500543FAF /* AVFoundation.framework */; };
		68AE40521E727E2F00543FAF /* ScannerViewController.swift in Sources */ = {isa = PBXBuildFile; fileRef = 68AE40511E727E2F00543FAF /* ScannerViewController.swift */; };
		68B4DEF91E71541700E681C7 /* AllDoctorsViewController.swift in Sources */ = {isa = PBXBuildFile; fileRef = 68B4DEF81E71541700E681C7 /* AllDoctorsViewController.swift */; };
		68B4DEFB1E716CFE00E681C7 /* DoctorDetailsViewController.swift in Sources */ = {isa = PBXBuildFile; fileRef = 68B4DEFA1E716CFE00E681C7 /* DoctorDetailsViewController.swift */; };
		8DD49BC68B93F9E3F12E9EA2 /* Pods_medR.framework in Frameworks */ = {isa = PBXBuildFile; fileRef = 5120B4E453F67F0C361E7881 /* Pods_medR.framework */; };
		948356ED1E6FFCE700349829 /* (null) in Sources */ = {isa = PBXBuildFile; };
		948356EF1E701A5A00349829 /* LoginViewController.swift in Sources */ = {isa = PBXBuildFile; fileRef = 948356EE1E701A5A00349829 /* LoginViewController.swift */; };
		94A93B4B1E667EB9001F3866 /* AppDelegate.swift in Sources */ = {isa = PBXBuildFile; fileRef = 94A93B4A1E667EB9001F3866 /* AppDelegate.swift */; };
		94A93B501E667EB9001F3866 /* GeogStoryboard.storyboard in Resources */ = {isa = PBXBuildFile; fileRef = 94A93B4E1E667EB9001F3866 /* GeogStoryboard.storyboard */; };
		94A93B531E667EB9001F3866 /* medR.xcdatamodeld in Sources */ = {isa = PBXBuildFile; fileRef = 94A93B511E667EB9001F3866 /* medR.xcdatamodeld */; };
		94A93B551E667EB9001F3866 /* Assets.xcassets in Resources */ = {isa = PBXBuildFile; fileRef = 94A93B541E667EB9001F3866 /* Assets.xcassets */; };
		94A93B581E667EB9001F3866 /* LaunchScreen.storyboard in Resources */ = {isa = PBXBuildFile; fileRef = 94A93B561E667EB9001F3866 /* LaunchScreen.storyboard */; };
		94A93B601E668023001F3866 /* GoogleService-Info.plist in Resources */ = {isa = PBXBuildFile; fileRef = 94A93B5F1E668023001F3866 /* GoogleService-Info.plist */; };
		94A93B631E668C47001F3866 /* PatientProfileViewController.swift in Sources */ = {isa = PBXBuildFile; fileRef = 94A93B621E668C47001F3866 /* PatientProfileViewController.swift */; };
		94A93B651E668C7D001F3866 /* KYStoryboard.storyboard in Resources */ = {isa = PBXBuildFile; fileRef = 94A93B641E668C7D001F3866 /* KYStoryboard.storyboard */; };
		94A93B6A1E668D91001F3866 /* RuiStoryboard.storyboard in Resources */ = {isa = PBXBuildFile; fileRef = 94A93B691E668D91001F3866 /* RuiStoryboard.storyboard */; };
		94A93B711E66A5CD001F3866 /* PatientProfileViewController(extesion).swift in Sources */ = {isa = PBXBuildFile; fileRef = 94A93B701E66A5CD001F3866 /* PatientProfileViewController(extesion).swift */; };
		94A93B751E66ADC9001F3866 /* EditPatientProfileViewController.swift in Sources */ = {isa = PBXBuildFile; fileRef = 94A93B741E66ADC9001F3866 /* EditPatientProfileViewController.swift */; };
		94A93B781E66DB6B001F3866 /* SearchPatientViewController.swift in Sources */ = {isa = PBXBuildFile; fileRef = 94A93B771E66DB6B001F3866 /* SearchPatientViewController.swift */; };
		94A93B7C1E66DC1C001F3866 /* SignUpDoctorProfileViewController.swift in Sources */ = {isa = PBXBuildFile; fileRef = 94A93B7B1E66DC1C001F3866 /* SignUpDoctorProfileViewController.swift */; };
		94A93B7E1E66ED0C001F3866 /* SearchPatientViewController(extension).swift in Sources */ = {isa = PBXBuildFile; fileRef = 94A93B7D1E66ED0C001F3866 /* SearchPatientViewController(extension).swift */; };
		94A93B821E680280001F3866 /* Default-568h@2x.png in Resources */ = {isa = PBXBuildFile; fileRef = 94A93B811E680280001F3866 /* Default-568h@2x.png */; };
		94A93B841E692698001F3866 /* PatientDetail.swift in Sources */ = {isa = PBXBuildFile; fileRef = 94A93B831E692698001F3866 /* PatientDetail.swift */; };
		94A93B861E6927CC001F3866 /* EmergencyDetail.swift in Sources */ = {isa = PBXBuildFile; fileRef = 94A93B851E6927CC001F3866 /* EmergencyDetail.swift */; };
		94A93B881E69287B001F3866 /* DoctorDetail.swift in Sources */ = {isa = PBXBuildFile; fileRef = 94A93B871E69287B001F3866 /* DoctorDetail.swift */; };
		94B3D2D61E71DA9B005CCE3F /* Swift+Gif.swift in Sources */ = {isa = PBXBuildFile; fileRef = 94B3D2D51E71DA9A005CCE3F /* Swift+Gif.swift */; };
/* End PBXBuildFile section */

/* Begin PBXFileReference section */
		38B1E8511E7012EA0027FE6B /* medR.entitlements */ = {isa = PBXFileReference; lastKnownFileType = text.plist.entitlements; path = medR.entitlements; sourceTree = "<group>"; };
		44E91760F42B9F68021A168B /* Pods-medR.debug.xcconfig */ = {isa = PBXFileReference; includeInIndex = 1; lastKnownFileType = text.xcconfig; name = "Pods-medR.debug.xcconfig"; path = "Pods/Target Support Files/Pods-medR/Pods-medR.debug.xcconfig"; sourceTree = "<group>"; };
		5120B4E453F67F0C361E7881 /* Pods_medR.framework */ = {isa = PBXFileReference; explicitFileType = wrapper.framework; includeInIndex = 0; path = Pods_medR.framework; sourceTree = BUILT_PRODUCTS_DIR; };
		6858F4D81E66A6C200586E8F /* UserHistoryViewController.swift */ = {isa = PBXFileReference; fileEncoding = 4; lastKnownFileType = sourcecode.swift; path = UserHistoryViewController.swift; sourceTree = "<group>"; };
		6858F4DA1E66A6E600586E8F /* SharingViewController.swift */ = {isa = PBXFileReference; fileEncoding = 4; lastKnownFileType = sourcecode.swift; path = SharingViewController.swift; sourceTree = "<group>"; };
		6858F4DC1E66A76600586E8F /* EntryViewController.swift */ = {isa = PBXFileReference; fileEncoding = 4; lastKnownFileType = sourcecode.swift; path = EntryViewController.swift; sourceTree = "<group>"; };
		6858F4E21E66A9AB00586E8F /* DoctorSharingTableViewCell.swift */ = {isa = PBXFileReference; fileEncoding = 4; lastKnownFileType = sourcecode.swift; path = DoctorSharingTableViewCell.swift; sourceTree = "<group>"; };
		6858F4E31E66A9AB00586E8F /* DoctorSharingTableViewCell.xib */ = {isa = PBXFileReference; fileEncoding = 4; lastKnownFileType = file.xib; path = DoctorSharingTableViewCell.xib; sourceTree = "<group>"; };
		6858F4ED1E66DB1500586E8F /* MedicineTableViewCell.swift */ = {isa = PBXFileReference; fileEncoding = 4; lastKnownFileType = sourcecode.swift; path = MedicineTableViewCell.swift; sourceTree = "<group>"; };
		6858F4EE1E66DB1500586E8F /* MedicineTableViewCell.xib */ = {isa = PBXFileReference; fileEncoding = 4; lastKnownFileType = file.xib; path = MedicineTableViewCell.xib; sourceTree = "<group>"; };
		6858F4F11E66E58D00586E8F /* VisitRecord.swift */ = {isa = PBXFileReference; fileEncoding = 4; lastKnownFileType = sourcecode.swift; path = VisitRecord.swift; sourceTree = "<group>"; };
		6858F4F31E67FC5F00586E8F /* Medicine.swift */ = {isa = PBXFileReference; fileEncoding = 4; lastKnownFileType = sourcecode.swift; path = Medicine.swift; sourceTree = "<group>"; };
		6858F4F71E686FB500586E8F /* HistoryCollectionViewCell.swift */ = {isa = PBXFileReference; fileEncoding = 4; lastKnownFileType = sourcecode.swift; path = HistoryCollectionViewCell.swift; sourceTree = "<group>"; };
		6858F4F81E686FB500586E8F /* HistoryCollectionViewCell.xib */ = {isa = PBXFileReference; fileEncoding = 4; lastKnownFileType = file.xib; path = HistoryCollectionViewCell.xib; sourceTree = "<group>"; };
		6858F4FE1E69486C00586E8F /* HistoryCollectionViewLayout.swift */ = {isa = PBXFileReference; fileEncoding = 4; lastKnownFileType = sourcecode.swift; path = HistoryCollectionViewLayout.swift; sourceTree = "<group>"; };
		6858F5021E6979A600586E8F /* CreateAccountViewController.swift */ = {isa = PBXFileReference; fileEncoding = 4; lastKnownFileType = sourcecode.swift; path = CreateAccountViewController.swift; sourceTree = "<group>"; };
		687BA8611E700B8200B6FA8C /* UserTabViewController.swift */ = {isa = PBXFileReference; fileEncoding = 4; lastKnownFileType = sourcecode.swift; path = UserTabViewController.swift; sourceTree = "<group>"; };
		687BA8631E70120C00B6FA8C /* DoctorTabViewController.swift */ = {isa = PBXFileReference; fileEncoding = 4; lastKnownFileType = sourcecode.swift; path = DoctorTabViewController.swift; sourceTree = "<group>"; };
		68AE40481E72693000543FAF /* medRgif.gif */ = {isa = PBXFileReference; lastKnownFileType = image.gif; path = medRgif.gif; sourceTree = "<group>"; };
		68AE404A1E7269B900543FAF /* QRStoryboard.storyboard */ = {isa = PBXFileReference; fileEncoding = 4; lastKnownFileType = file.storyboard; path = QRStoryboard.storyboard; sourceTree = "<group>"; };
		68AE404D1E7269F900543FAF /* QueueListViewController.swift */ = {isa = PBXFileReference; fileEncoding = 4; lastKnownFileType = sourcecode.swift; path = QueueListViewController.swift; sourceTree = "<group>"; };
		68AE404F1E7275E500543FAF /* AVFoundation.framework */ = {isa = PBXFileReference; lastKnownFileType = wrapper.framework; name = AVFoundation.framework; path = System/Library/Frameworks/AVFoundation.framework; sourceTree = SDKROOT; };
		68AE40511E727E2F00543FAF /* ScannerViewController.swift */ = {isa = PBXFileReference; fileEncoding = 4; lastKnownFileType = sourcecode.swift; path = ScannerViewController.swift; sourceTree = "<group>"; };
		68B4DEF81E71541700E681C7 /* AllDoctorsViewController.swift */ = {isa = PBXFileReference; fileEncoding = 4; lastKnownFileType = sourcecode.swift; path = AllDoctorsViewController.swift; sourceTree = "<group>"; };
		68B4DEFA1E716CFE00E681C7 /* DoctorDetailsViewController.swift */ = {isa = PBXFileReference; fileEncoding = 4; lastKnownFileType = sourcecode.swift; path = DoctorDetailsViewController.swift; sourceTree = "<group>"; };
		948356EE1E701A5A00349829 /* LoginViewController.swift */ = {isa = PBXFileReference; fileEncoding = 4; lastKnownFileType = sourcecode.swift; path = LoginViewController.swift; sourceTree = "<group>"; };
		94A93B471E667EB9001F3866 /* medR.app */ = {isa = PBXFileReference; explicitFileType = wrapper.application; includeInIndex = 0; path = medR.app; sourceTree = BUILT_PRODUCTS_DIR; };
		94A93B4A1E667EB9001F3866 /* AppDelegate.swift */ = {isa = PBXFileReference; lastKnownFileType = sourcecode.swift; path = AppDelegate.swift; sourceTree = "<group>"; };
		94A93B4F1E667EB9001F3866 /* Base */ = {isa = PBXFileReference; lastKnownFileType = file.storyboard; name = Base; path = Base.lproj/GeogStoryboard.storyboard; sourceTree = "<group>"; };
		94A93B521E667EB9001F3866 /* medR.xcdatamodel */ = {isa = PBXFileReference; lastKnownFileType = wrapper.xcdatamodel; path = medR.xcdatamodel; sourceTree = "<group>"; };
		94A93B541E667EB9001F3866 /* Assets.xcassets */ = {isa = PBXFileReference; lastKnownFileType = folder.assetcatalog; path = Assets.xcassets; sourceTree = "<group>"; };
		94A93B571E667EB9001F3866 /* Base */ = {isa = PBXFileReference; lastKnownFileType = file.storyboard; name = Base; path = Base.lproj/LaunchScreen.storyboard; sourceTree = "<group>"; };
		94A93B591E667EB9001F3866 /* Info.plist */ = {isa = PBXFileReference; lastKnownFileType = text.plist.xml; path = Info.plist; sourceTree = "<group>"; };
		94A93B5F1E668023001F3866 /* GoogleService-Info.plist */ = {isa = PBXFileReference; fileEncoding = 4; lastKnownFileType = text.plist.xml; path = "GoogleService-Info.plist"; sourceTree = "<group>"; };
		94A93B621E668C47001F3866 /* PatientProfileViewController.swift */ = {isa = PBXFileReference; fileEncoding = 4; lastKnownFileType = sourcecode.swift; path = PatientProfileViewController.swift; sourceTree = "<group>"; };
		94A93B641E668C7D001F3866 /* KYStoryboard.storyboard */ = {isa = PBXFileReference; fileEncoding = 4; lastKnownFileType = file.storyboard; path = KYStoryboard.storyboard; sourceTree = "<group>"; };
		94A93B691E668D91001F3866 /* RuiStoryboard.storyboard */ = {isa = PBXFileReference; fileEncoding = 4; lastKnownFileType = file.storyboard; path = RuiStoryboard.storyboard; sourceTree = "<group>"; };
		94A93B701E66A5CD001F3866 /* PatientProfileViewController(extesion).swift */ = {isa = PBXFileReference; fileEncoding = 4; lastKnownFileType = sourcecode.swift; path = "PatientProfileViewController(extesion).swift"; sourceTree = "<group>"; };
		94A93B741E66ADC9001F3866 /* EditPatientProfileViewController.swift */ = {isa = PBXFileReference; fileEncoding = 4; lastKnownFileType = sourcecode.swift; path = EditPatientProfileViewController.swift; sourceTree = "<group>"; };
		94A93B771E66DB6B001F3866 /* SearchPatientViewController.swift */ = {isa = PBXFileReference; fileEncoding = 4; lastKnownFileType = sourcecode.swift; path = SearchPatientViewController.swift; sourceTree = "<group>"; };
		94A93B7B1E66DC1C001F3866 /* SignUpDoctorProfileViewController.swift */ = {isa = PBXFileReference; fileEncoding = 4; lastKnownFileType = sourcecode.swift; path = SignUpDoctorProfileViewController.swift; sourceTree = "<group>"; };
		94A93B7D1E66ED0C001F3866 /* SearchPatientViewController(extension).swift */ = {isa = PBXFileReference; fileEncoding = 4; lastKnownFileType = sourcecode.swift; path = "SearchPatientViewController(extension).swift"; sourceTree = "<group>"; };
		94A93B811E680280001F3866 /* Default-568h@2x.png */ = {isa = PBXFileReference; lastKnownFileType = image.png; path = "Default-568h@2x.png"; sourceTree = "<group>"; };
		94A93B831E692698001F3866 /* PatientDetail.swift */ = {isa = PBXFileReference; fileEncoding = 4; lastKnownFileType = sourcecode.swift; path = PatientDetail.swift; sourceTree = "<group>"; };
		94A93B851E6927CC001F3866 /* EmergencyDetail.swift */ = {isa = PBXFileReference; fileEncoding = 4; lastKnownFileType = sourcecode.swift; path = EmergencyDetail.swift; sourceTree = "<group>"; };
		94A93B871E69287B001F3866 /* DoctorDetail.swift */ = {isa = PBXFileReference; fileEncoding = 4; lastKnownFileType = sourcecode.swift; path = DoctorDetail.swift; sourceTree = "<group>"; };
		94B3D2D51E71DA9A005CCE3F /* Swift+Gif.swift */ = {isa = PBXFileReference; fileEncoding = 4; lastKnownFileType = sourcecode.swift; path = "Swift+Gif.swift"; sourceTree = "<group>"; };
		C4EC22AAC89686627041E4E9 /* Pods-medR.release.xcconfig */ = {isa = PBXFileReference; includeInIndex = 1; lastKnownFileType = text.xcconfig; name = "Pods-medR.release.xcconfig"; path = "Pods/Target Support Files/Pods-medR/Pods-medR.release.xcconfig"; sourceTree = "<group>"; };
/* End PBXFileReference section */

/* Begin PBXFrameworksBuildPhase section */
		94A93B441E667EB9001F3866 /* Frameworks */ = {
			isa = PBXFrameworksBuildPhase;
			buildActionMask = 2147483647;
			files = (
				68AE40501E7275E500543FAF /* AVFoundation.framework in Frameworks */,
				8DD49BC68B93F9E3F12E9EA2 /* Pods_medR.framework in Frameworks */,
			);
			runOnlyForDeploymentPostprocessing = 0;
		};
/* End PBXFrameworksBuildPhase section */

/* Begin PBXGroup section */
		2BE413CBD7B219FB68705509 /* Frameworks */ = {
			isa = PBXGroup;
			children = (
				68AE404F1E7275E500543FAF /* AVFoundation.framework */,
				5120B4E453F67F0C361E7881 /* Pods_medR.framework */,
			);
			name = Frameworks;
			sourceTree = "<group>";
		};
		6858F4FD1E69262600586E8F /* HistoryVC */ = {
			isa = PBXGroup;
			children = (
				6858F4F81E686FB500586E8F /* HistoryCollectionViewCell.xib */,
			);
			name = HistoryVC;
			sourceTree = "<group>";
		};
		68AE404C1E7269DE00543FAF /* QR */ = {
			isa = PBXGroup;
			children = (
				68AE404D1E7269F900543FAF /* QueueListViewController.swift */,
				68AE40511E727E2F00543FAF /* ScannerViewController.swift */,
			);
			name = QR;
			sourceTree = "<group>";
		};
		94A93B3E1E667EB9001F3866 = {
			isa = PBXGroup;
			children = (
				94A93B811E680280001F3866 /* Default-568h@2x.png */,
				94A93B491E667EB9001F3866 /* medR */,
				94A93B481E667EB9001F3866 /* Products */,
				9EE98B7660FB01F0DBCC77F6 /* Pods */,
				2BE413CBD7B219FB68705509 /* Frameworks */,
			);
			sourceTree = "<group>";
		};
		94A93B481E667EB9001F3866 /* Products */ = {
			isa = PBXGroup;
			children = (
				94A93B471E667EB9001F3866 /* medR.app */,
			);
			name = Products;
			sourceTree = "<group>";
		};
		94A93B491E667EB9001F3866 /* medR */ = {
			isa = PBXGroup;
			children = (
				38B1E8511E7012EA0027FE6B /* medR.entitlements */,
				94A93B6D1E668DD7001F3866 /* Others */,
				94A93B681E668D5D001F3866 /* Model */,
				94A93B671E668D51001F3866 /* ViewController */,
				94A93B661E668D40001F3866 /* View */,
			);
			path = medR;
			sourceTree = "<group>";
		};
		94A93B611E668BE3001F3866 /* KY */ = {
			isa = PBXGroup;
			children = (
				94A93B7A1E66DBFE001F3866 /* New Group */,
				94A93B791E66DBE5001F3866 /* Doctor Profile */,
				94A93B761E66DB2C001F3866 /* SearchPatient(DOC) */,
				94A93B731E66ADA6001F3866 /* Edit PatientProfile */,
				94A93B721E66AD8B001F3866 /* Patient Profile */,
				687BA8631E70120C00B6FA8C /* DoctorTabViewController.swift */,
			);
			name = KY;
			sourceTree = "<group>";
		};
		94A93B661E668D40001F3866 /* View */ = {
			isa = PBXGroup;
			children = (
				94A93B4E1E667EB9001F3866 /* GeogStoryboard.storyboard */,
				94A93B641E668C7D001F3866 /* KYStoryboard.storyboard */,
				94A93B691E668D91001F3866 /* RuiStoryboard.storyboard */,
				68AE404A1E7269B900543FAF /* QRStoryboard.storyboard */,
				6858F4FD1E69262600586E8F /* HistoryVC */,
				6858F4E31E66A9AB00586E8F /* DoctorSharingTableViewCell.xib */,
				6858F4EE1E66DB1500586E8F /* MedicineTableViewCell.xib */,
			);
			name = View;
			sourceTree = "<group>";
		};
		94A93B671E668D51001F3866 /* ViewController */ = {
			isa = PBXGroup;
			children = (
				68AE404C1E7269DE00543FAF /* QR */,
				94A93B6F1E668DF3001F3866 /* Geog */,
				94A93B6E1E668DE8001F3866 /* Rui */,
				94A93B611E668BE3001F3866 /* KY */,
			);
			name = ViewController;
			sourceTree = "<group>";
		};
		94A93B681E668D5D001F3866 /* Model */ = {
			isa = PBXGroup;
			children = (
				6858F4F11E66E58D00586E8F /* VisitRecord.swift */,
				6858F4F31E67FC5F00586E8F /* Medicine.swift */,
				94A93B831E692698001F3866 /* PatientDetail.swift */,
				94A93B851E6927CC001F3866 /* EmergencyDetail.swift */,
				94A93B871E69287B001F3866 /* DoctorDetail.swift */,
			);
			name = Model;
			sourceTree = "<group>";
		};
		94A93B6D1E668DD7001F3866 /* Others */ = {
			isa = PBXGroup;
			children = (
				94A93B4A1E667EB9001F3866 /* AppDelegate.swift */,
				94A93B541E667EB9001F3866 /* Assets.xcassets */,
				94A93B561E667EB9001F3866 /* LaunchScreen.storyboard */,
				94A93B591E667EB9001F3866 /* Info.plist */,
				94A93B5F1E668023001F3866 /* GoogleService-Info.plist */,
				94A93B511E667EB9001F3866 /* medR.xcdatamodeld */,
			);
			name = Others;
			sourceTree = "<group>";
		};
		94A93B6E1E668DE8001F3866 /* Rui */ = {
			isa = PBXGroup;
			children = (
				6858F4D81E66A6C200586E8F /* UserHistoryViewController.swift */,
				6858F4DA1E66A6E600586E8F /* SharingViewController.swift */,
				68B4DEF81E71541700E681C7 /* AllDoctorsViewController.swift */,
				68B4DEFA1E716CFE00E681C7 /* DoctorDetailsViewController.swift */,
				6858F4DC1E66A76600586E8F /* EntryViewController.swift */,
				6858F4E21E66A9AB00586E8F /* DoctorSharingTableViewCell.swift */,
				6858F4ED1E66DB1500586E8F /* MedicineTableViewCell.swift */,
				6858F4F71E686FB500586E8F /* HistoryCollectionViewCell.swift */,
				6858F4FE1E69486C00586E8F /* HistoryCollectionViewLayout.swift */,
				687BA8611E700B8200B6FA8C /* UserTabViewController.swift */,
			);
			name = Rui;
			sourceTree = "<group>";
		};
		94A93B6F1E668DF3001F3866 /* Geog */ = {
			isa = PBXGroup;
			children = (
				6858F5021E6979A600586E8F /* CreateAccountViewController.swift */,
				948356EE1E701A5A00349829 /* LoginViewController.swift */,
				94B3D2D51E71DA9A005CCE3F /* Swift+Gif.swift */,
				68AE40481E72693000543FAF /* medRgif.gif */,
			);
			name = Geog;
			sourceTree = "<group>";
		};
		94A93B721E66AD8B001F3866 /* Patient Profile */ = {
			isa = PBXGroup;
			children = (
				94A93B621E668C47001F3866 /* PatientProfileViewController.swift */,
			);
			name = "Patient Profile";
			sourceTree = "<group>";
		};
		94A93B731E66ADA6001F3866 /* Edit PatientProfile */ = {
			isa = PBXGroup;
			children = (
				94A93B741E66ADC9001F3866 /* EditPatientProfileViewController.swift */,
				94A93B701E66A5CD001F3866 /* PatientProfileViewController(extesion).swift */,
			);
			name = "Edit PatientProfile";
			sourceTree = "<group>";
		};
		94A93B761E66DB2C001F3866 /* SearchPatient(DOC) */ = {
			isa = PBXGroup;
			children = (
				94A93B771E66DB6B001F3866 /* SearchPatientViewController.swift */,
				94A93B7D1E66ED0C001F3866 /* SearchPatientViewController(extension).swift */,
			);
			name = "SearchPatient(DOC)";
			sourceTree = "<group>";
		};
		94A93B791E66DBE5001F3866 /* Doctor Profile */ = {
			isa = PBXGroup;
			children = (
				94A93B7B1E66DC1C001F3866 /* SignUpDoctorProfileViewController.swift */,
			);
			name = "Doctor Profile";
			sourceTree = "<group>";
		};
		94A93B7A1E66DBFE001F3866 /* New Group */ = {
			isa = PBXGroup;
			children = (
			);
			name = "New Group";
			sourceTree = "<group>";
		};
		9EE98B7660FB01F0DBCC77F6 /* Pods */ = {
			isa = PBXGroup;
			children = (
				44E91760F42B9F68021A168B /* Pods-medR.debug.xcconfig */,
				C4EC22AAC89686627041E4E9 /* Pods-medR.release.xcconfig */,
			);
			name = Pods;
			sourceTree = "<group>";
		};
/* End PBXGroup section */

/* Begin PBXNativeTarget section */
		94A93B461E667EB9001F3866 /* medR */ = {
			isa = PBXNativeTarget;
			buildConfigurationList = 94A93B5C1E667EB9001F3866 /* Build configuration list for PBXNativeTarget "medR" */;
			buildPhases = (
				2EB716844A012D675C1C32B0 /* [CP] Check Pods Manifest.lock */,
				94A93B431E667EB9001F3866 /* Sources */,
				94A93B441E667EB9001F3866 /* Frameworks */,
				94A93B451E667EB9001F3866 /* Resources */,
				7EFAD26EF6BECBE434A7AE87 /* [CP] Embed Pods Frameworks */,
				35A14BCD1F4B9EEEAB3596A7 /* [CP] Copy Pods Resources */,
			);
			buildRules = (
			);
			dependencies = (
			);
			name = medR;
			productName = medR;
			productReference = 94A93B471E667EB9001F3866 /* medR.app */;
			productType = "com.apple.product-type.application";
		};
/* End PBXNativeTarget section */

/* Begin PBXProject section */
		94A93B3F1E667EB9001F3866 /* Project object */ = {
			isa = PBXProject;
			attributes = {
				LastSwiftUpdateCheck = 0820;
				LastUpgradeCheck = 0820;
				ORGANIZATIONNAME = "Kok Yong";
				TargetAttributes = {
					94A93B461E667EB9001F3866 = {
						CreatedOnToolsVersion = 8.2.1;
						DevelopmentTeam = ZQ547JDPVM;
						LastSwiftMigration = 0820;
						ProvisioningStyle = Automatic;
						SystemCapabilities = {
							com.apple.Keychain = {
								enabled = 1;
							};
						};
					};
				};
			};
			buildConfigurationList = 94A93B421E667EB9001F3866 /* Build configuration list for PBXProject "medR" */;
			compatibilityVersion = "Xcode 3.2";
			developmentRegion = English;
			hasScannedForEncodings = 0;
			knownRegions = (
				en,
				Base,
			);
			mainGroup = 94A93B3E1E667EB9001F3866;
			productRefGroup = 94A93B481E667EB9001F3866 /* Products */;
			projectDirPath = "";
			projectRoot = "";
			targets = (
				94A93B461E667EB9001F3866 /* medR */,
			);
		};
/* End PBXProject section */

/* Begin PBXResourcesBuildPhase section */
		94A93B451E667EB9001F3866 /* Resources */ = {
			isa = PBXResourcesBuildPhase;
			buildActionMask = 2147483647;
			files = (
				94A93B581E667EB9001F3866 /* LaunchScreen.storyboard in Resources */,
				6858F4E51E66A9AB00586E8F /* DoctorSharingTableViewCell.xib in Resources */,
				94A93B601E668023001F3866 /* GoogleService-Info.plist in Resources */,
				94A93B6A1E668D91001F3866 /* RuiStoryboard.storyboard in Resources */,
				68AE40491E72693000543FAF /* medRgif.gif in Resources */,
				6858F4FA1E686FB500586E8F /* HistoryCollectionViewCell.xib in Resources */,
				94A93B651E668C7D001F3866 /* KYStoryboard.storyboard in Resources */,
				6858F4F01E66DB1500586E8F /* MedicineTableViewCell.xib in Resources */,
				94A93B551E667EB9001F3866 /* Assets.xcassets in Resources */,
				94A93B821E680280001F3866 /* Default-568h@2x.png in Resources */,
				68AE404B1E7269B900543FAF /* QRStoryboard.storyboard in Resources */,
				94A93B501E667EB9001F3866 /* GeogStoryboard.storyboard in Resources */,
			);
			runOnlyForDeploymentPostprocessing = 0;
		};
/* End PBXResourcesBuildPhase section */

/* Begin PBXShellScriptBuildPhase section */
		2EB716844A012D675C1C32B0 /* [CP] Check Pods Manifest.lock */ = {
			isa = PBXShellScriptBuildPhase;
			buildActionMask = 2147483647;
			files = (
			);
			inputPaths = (
			);
			name = "[CP] Check Pods Manifest.lock";
			outputPaths = (
			);
			runOnlyForDeploymentPostprocessing = 0;
			shellPath = /bin/sh;
			shellScript = "diff \"${PODS_PODFILE_DIR_PATH}/Podfile.lock\" \"${PODS_ROOT}/Manifest.lock\" > /dev/null\nif [ $? != 0 ] ; then\n    # print error to STDERR\n    echo \"error: The sandbox is not in sync with the Podfile.lock. Run 'pod install' or update your CocoaPods installation.\" >&2\n    exit 1\nfi\n";
			showEnvVarsInLog = 0;
		};
		35A14BCD1F4B9EEEAB3596A7 /* [CP] Copy Pods Resources */ = {
			isa = PBXShellScriptBuildPhase;
			buildActionMask = 2147483647;
			files = (
			);
			inputPaths = (
			);
			name = "[CP] Copy Pods Resources";
			outputPaths = (
			);
			runOnlyForDeploymentPostprocessing = 0;
			shellPath = /bin/sh;
			shellScript = "\"${SRCROOT}/Pods/Target Support Files/Pods-medR/Pods-medR-resources.sh\"\n";
			showEnvVarsInLog = 0;
		};
		7EFAD26EF6BECBE434A7AE87 /* [CP] Embed Pods Frameworks */ = {
			isa = PBXShellScriptBuildPhase;
			buildActionMask = 2147483647;
			files = (
			);
			inputPaths = (
			);
			name = "[CP] Embed Pods Frameworks";
			outputPaths = (
			);
			runOnlyForDeploymentPostprocessing = 0;
			shellPath = /bin/sh;
			shellScript = "\"${SRCROOT}/Pods/Target Support Files/Pods-medR/Pods-medR-frameworks.sh\"\n";
			showEnvVarsInLog = 0;
		};
/* End PBXShellScriptBuildPhase section */

/* Begin PBXSourcesBuildPhase section */
		94A93B431E667EB9001F3866 /* Sources */ = {
			isa = PBXSourcesBuildPhase;
			buildActionMask = 2147483647;
			files = (
				94A93B781E66DB6B001F3866 /* SearchPatientViewController.swift in Sources */,
				68B4DEF91E71541700E681C7 /* AllDoctorsViewController.swift in Sources */,
				94A93B841E692698001F3866 /* PatientDetail.swift in Sources */,
				94A93B881E69287B001F3866 /* DoctorDetail.swift in Sources */,
				94B3D2D61E71DA9B005CCE3F /* Swift+Gif.swift in Sources */,
				94A93B711E66A5CD001F3866 /* PatientProfileViewController(extesion).swift in Sources */,
				94A93B531E667EB9001F3866 /* medR.xcdatamodeld in Sources */,
				6858F4E41E66A9AB00586E8F /* DoctorSharingTableViewCell.swift in Sources */,
				68AE404E1E7269F900543FAF /* QueueListViewController.swift in Sources */,
				94A93B7C1E66DC1C001F3866 /* SignUpDoctorProfileViewController.swift in Sources */,
				94A93B631E668C47001F3866 /* PatientProfileViewController.swift in Sources */,
				687BA8641E70120C00B6FA8C /* DoctorTabViewController.swift in Sources */,
				687BA8621E700B8200B6FA8C /* UserTabViewController.swift in Sources */,
				68AE40521E727E2F00543FAF /* ScannerViewController.swift in Sources */,
				6858F4F41E67FC5F00586E8F /* Medicine.swift in Sources */,
				6858F4D91E66A6C200586E8F /* UserHistoryViewController.swift in Sources */,
				68B4DEFB1E716CFE00E681C7 /* DoctorDetailsViewController.swift in Sources */,
				948356ED1E6FFCE700349829 /* (null) in Sources */,
				948356EF1E701A5A00349829 /* LoginViewController.swift in Sources */,
				94A93B751E66ADC9001F3866 /* EditPatientProfileViewController.swift in Sources */,
				94A93B4B1E667EB9001F3866 /* AppDelegate.swift in Sources */,
				6858F4FF1E69486C00586E8F /* HistoryCollectionViewLayout.swift in Sources */,
				6858F5031E6979A600586E8F /* CreateAccountViewController.swift in Sources */,
				6858F4DB1E66A6E600586E8F /* SharingViewController.swift in Sources */,
				6858F4F91E686FB500586E8F /* HistoryCollectionViewCell.swift in Sources */,
				6858F4EF1E66DB1500586E8F /* MedicineTableViewCell.swift in Sources */,
				94A93B861E6927CC001F3866 /* EmergencyDetail.swift in Sources */,
				6858F4F21E66E58D00586E8F /* VisitRecord.swift in Sources */,
				6858F4DD1E66A76600586E8F /* EntryViewController.swift in Sources */,
				94A93B7E1E66ED0C001F3866 /* SearchPatientViewController(extension).swift in Sources */,
			);
			runOnlyForDeploymentPostprocessing = 0;
		};
/* End PBXSourcesBuildPhase section */

/* Begin PBXVariantGroup section */
		94A93B4E1E667EB9001F3866 /* GeogStoryboard.storyboard */ = {
			isa = PBXVariantGroup;
			children = (
				94A93B4F1E667EB9001F3866 /* Base */,
			);
			name = GeogStoryboard.storyboard;
			sourceTree = "<group>";
		};
		94A93B561E667EB9001F3866 /* LaunchScreen.storyboard */ = {
			isa = PBXVariantGroup;
			children = (
				94A93B571E667EB9001F3866 /* Base */,
			);
			name = LaunchScreen.storyboard;
			sourceTree = "<group>";
		};
/* End PBXVariantGroup section */

/* Begin XCBuildConfiguration section */
		94A93B5A1E667EB9001F3866 /* Debug */ = {
			isa = XCBuildConfiguration;
			buildSettings = {
				ALWAYS_SEARCH_USER_PATHS = NO;
				CLANG_ANALYZER_NONNULL = YES;
				CLANG_CXX_LANGUAGE_STANDARD = "gnu++0x";
				CLANG_CXX_LIBRARY = "libc++";
				CLANG_ENABLE_MODULES = YES;
				CLANG_ENABLE_OBJC_ARC = YES;
				CLANG_WARN_BOOL_CONVERSION = YES;
				CLANG_WARN_CONSTANT_CONVERSION = YES;
				CLANG_WARN_DIRECT_OBJC_ISA_USAGE = YES_ERROR;
				CLANG_WARN_DOCUMENTATION_COMMENTS = YES;
				CLANG_WARN_EMPTY_BODY = YES;
				CLANG_WARN_ENUM_CONVERSION = YES;
				CLANG_WARN_INFINITE_RECURSION = YES;
				CLANG_WARN_INT_CONVERSION = YES;
				CLANG_WARN_OBJC_ROOT_CLASS = YES_ERROR;
				CLANG_WARN_SUSPICIOUS_MOVE = YES;
				CLANG_WARN_UNREACHABLE_CODE = YES;
				CLANG_WARN__DUPLICATE_METHOD_MATCH = YES;
				"CODE_SIGN_IDENTITY[sdk=iphoneos*]" = "iPhone Developer";
				COPY_PHASE_STRIP = NO;
				DEBUG_INFORMATION_FORMAT = dwarf;
				ENABLE_STRICT_OBJC_MSGSEND = YES;
				ENABLE_TESTABILITY = YES;
				GCC_C_LANGUAGE_STANDARD = gnu99;
				GCC_DYNAMIC_NO_PIC = NO;
				GCC_NO_COMMON_BLOCKS = YES;
				GCC_OPTIMIZATION_LEVEL = 0;
				GCC_PREPROCESSOR_DEFINITIONS = (
					"DEBUG=1",
					"$(inherited)",
				);
				GCC_WARN_64_TO_32_BIT_CONVERSION = YES;
				GCC_WARN_ABOUT_RETURN_TYPE = YES_ERROR;
				GCC_WARN_UNDECLARED_SELECTOR = YES;
				GCC_WARN_UNINITIALIZED_AUTOS = YES_AGGRESSIVE;
				GCC_WARN_UNUSED_FUNCTION = YES;
				GCC_WARN_UNUSED_VARIABLE = YES;
				IPHONEOS_DEPLOYMENT_TARGET = 10.2;
				MTL_ENABLE_DEBUG_INFO = YES;
				ONLY_ACTIVE_ARCH = YES;
				SDKROOT = iphoneos;
				SWIFT_ACTIVE_COMPILATION_CONDITIONS = DEBUG;
				SWIFT_OPTIMIZATION_LEVEL = "-Onone";
			};
			name = Debug;
		};
		94A93B5B1E667EB9001F3866 /* Release */ = {
			isa = XCBuildConfiguration;
			buildSettings = {
				ALWAYS_SEARCH_USER_PATHS = NO;
				CLANG_ANALYZER_NONNULL = YES;
				CLANG_CXX_LANGUAGE_STANDARD = "gnu++0x";
				CLANG_CXX_LIBRARY = "libc++";
				CLANG_ENABLE_MODULES = YES;
				CLANG_ENABLE_OBJC_ARC = YES;
				CLANG_WARN_BOOL_CONVERSION = YES;
				CLANG_WARN_CONSTANT_CONVERSION = YES;
				CLANG_WARN_DIRECT_OBJC_ISA_USAGE = YES_ERROR;
				CLANG_WARN_DOCUMENTATION_COMMENTS = YES;
				CLANG_WARN_EMPTY_BODY = YES;
				CLANG_WARN_ENUM_CONVERSION = YES;
				CLANG_WARN_INFINITE_RECURSION = YES;
				CLANG_WARN_INT_CONVERSION = YES;
				CLANG_WARN_OBJC_ROOT_CLASS = YES_ERROR;
				CLANG_WARN_SUSPICIOUS_MOVE = YES;
				CLANG_WARN_UNREACHABLE_CODE = YES;
				CLANG_WARN__DUPLICATE_METHOD_MATCH = YES;
				"CODE_SIGN_IDENTITY[sdk=iphoneos*]" = "iPhone Developer";
				COPY_PHASE_STRIP = NO;
				DEBUG_INFORMATION_FORMAT = "dwarf-with-dsym";
				ENABLE_NS_ASSERTIONS = NO;
				ENABLE_STRICT_OBJC_MSGSEND = YES;
				GCC_C_LANGUAGE_STANDARD = gnu99;
				GCC_NO_COMMON_BLOCKS = YES;
				GCC_WARN_64_TO_32_BIT_CONVERSION = YES;
				GCC_WARN_ABOUT_RETURN_TYPE = YES_ERROR;
				GCC_WARN_UNDECLARED_SELECTOR = YES;
				GCC_WARN_UNINITIALIZED_AUTOS = YES_AGGRESSIVE;
				GCC_WARN_UNUSED_FUNCTION = YES;
				GCC_WARN_UNUSED_VARIABLE = YES;
				IPHONEOS_DEPLOYMENT_TARGET = 10.2;
				MTL_ENABLE_DEBUG_INFO = NO;
				SDKROOT = iphoneos;
				SWIFT_OPTIMIZATION_LEVEL = "-Owholemodule";
				VALIDATE_PRODUCT = YES;
			};
			name = Release;
		};
		94A93B5D1E667EB9001F3866 /* Debug */ = {
			isa = XCBuildConfiguration;
			baseConfigurationReference = 44E91760F42B9F68021A168B /* Pods-medR.debug.xcconfig */;
			buildSettings = {
				ASSETCATALOG_COMPILER_APPICON_NAME = AppIcon;
				ASSETCATALOG_COMPILER_LAUNCHIMAGE_NAME = LaunchImage;
				CLANG_ENABLE_MODULES = YES;
				CODE_SIGN_ENTITLEMENTS = medR/medR.entitlements;
				DEVELOPMENT_TEAM = ZQ547JDPVM;
				INFOPLIST_FILE = medR/Info.plist;
				LD_RUNPATH_SEARCH_PATHS = "$(inherited) @executable_path/Frameworks";
				PRODUCT_BUNDLE_IDENTIFIER = com.KY.medR;
				PRODUCT_NAME = "$(TARGET_NAME)";
				SWIFT_OPTIMIZATION_LEVEL = "-Onone";
				SWIFT_VERSION = 3.0;
			};
			name = Debug;
		};
		94A93B5E1E667EB9001F3866 /* Release */ = {
			isa = XCBuildConfiguration;
			baseConfigurationReference = C4EC22AAC89686627041E4E9 /* Pods-medR.release.xcconfig */;
			buildSettings = {
				ASSETCATALOG_COMPILER_APPICON_NAME = AppIcon;
				ASSETCATALOG_COMPILER_LAUNCHIMAGE_NAME = LaunchImage;
				CLANG_ENABLE_MODULES = YES;
				CODE_SIGN_ENTITLEMENTS = medR/medR.entitlements;
				DEVELOPMENT_TEAM = ZQ547JDPVM;
				INFOPLIST_FILE = medR/Info.plist;
				LD_RUNPATH_SEARCH_PATHS = "$(inherited) @executable_path/Frameworks";
				PRODUCT_BUNDLE_IDENTIFIER = com.KY.medR;
				PRODUCT_NAME = "$(TARGET_NAME)";
				SWIFT_VERSION = 3.0;
			};
			name = Release;
		};
/* End XCBuildConfiguration section */

/* Begin XCConfigurationList section */
		94A93B421E667EB9001F3866 /* Build configuration list for PBXProject "medR" */ = {
			isa = XCConfigurationList;
			buildConfigurations = (
				94A93B5A1E667EB9001F3866 /* Debug */,
				94A93B5B1E667EB9001F3866 /* Release */,
			);
			defaultConfigurationIsVisible = 0;
			defaultConfigurationName = Release;
		};
		94A93B5C1E667EB9001F3866 /* Build configuration list for PBXNativeTarget "medR" */ = {
			isa = XCConfigurationList;
			buildConfigurations = (
				94A93B5D1E667EB9001F3866 /* Debug */,
				94A93B5E1E667EB9001F3866 /* Release */,
			);
			defaultConfigurationIsVisible = 0;
			defaultConfigurationName = Release;
		};
/* End XCConfigurationList section */

/* Begin XCVersionGroup section */
		94A93B511E667EB9001F3866 /* medR.xcdatamodeld */ = {
			isa = XCVersionGroup;
			children = (
				94A93B521E667EB9001F3866 /* medR.xcdatamodel */,
			);
			currentVersion = 94A93B521E667EB9001F3866 /* medR.xcdatamodel */;
			path = medR.xcdatamodeld;
			sourceTree = "<group>";
			versionGroupType = wrapper.xcdatamodel;
		};
/* End XCVersionGroup section */
	};
	rootObject = 94A93B3F1E667EB9001F3866 /* Project object */;
}
